
Microsoft Visual Studio Solution File, Format Version 12.00
# Visual Studio Version 17
VisualStudioVersion = 17.0.32002.185
MinimumVisualStudioVersion = 10.0.40219.1
Project("{8BC9CEB8-8B4A-11D0-8D11-00A0C91BC942}") = "UDP Listener Clident 2023", "UDP Listener Clident 2023.vcxproj", "{CD253DCF-E17E-4E34-9BEA-B39DE15F6D00}"
EndProject
Global
	GlobalSection(SolutionConfigurationPlatforms) = preSolution
		Debug|x64 = Debug|x64
		Debug|x86 = Debug|x86
		Release|x64 = Release|x64
		Release|x86 = Release|x86
	EndGlobalSection
	GlobalSection(ProjectConfigurationPlatforms) = postSolution
		{CD253DCF-E17E-4E34-9BEA-B39DE15F6D00}.Debug|x64.ActiveCfg = Release|x64
		{CD253DCF-E17E-4E34-9BEA-B39DE15F6D00}.Debug|x64.Build.0 = Release|x64
		{CD253DCF-E17E-4E34-9BEA-B39DE15F6D00}.Debug|x86.ActiveCfg = Debug|Win32
		{CD253DCF-E17E-4E34-9BEA-B39DE15F6D00}.Debug|x86.Build.0 = Debug|Win32
		{CD253DCF-E17E-4E34-9BEA-B39DE15F6D00}.Release|x64.ActiveCfg = Release|x64
		{CD253DCF-E17E-4E34-9BEA-B39DE15F6D00}.Release|x64.Build.0 = Release|x64
		{CD253DCF-E17E-4E34-9BEA-B39DE15F6D00}.Release|x86.ActiveCfg = Release|Win32
		{CD253DCF-E17E-4E34-9BEA-B39DE15F6D00}.Release|x86.Build.0 = Release|Win32
	EndGlobalSection
	GlobalSection(SolutionProperties) = preSolution
		HideSolutionNode = FALSE
	EndGlobalSection
	GlobalSection(ExtensibilityGlobals) = postSolution
		SolutionGuid = {1965C343-505F-41F5-862E-7B2F64E2B090}
	EndGlobalSection
EndGlobal
